// !$*UTF8*$!
{
	archiveVersion = 1;
	classes = {
	};
	objectVersion = 46;
	objects = {

/* Begin PBXBuildFile section */
		1D9ABCF21A6379DC0011A855 /* main.m in Sources */ = {isa = PBXBuildFile; fileRef = 1D9ABCF11A6379DC0011A855 /* main.m */; };
		1D9ABCF51A6379DC0011A855 /* AppDelegate.m in Sources */ = {isa = PBXBuildFile; fileRef = 1D9ABCF41A6379DC0011A855 /* AppDelegate.m */; };
		1D9ABCFB1A6379DC0011A855 /* Main.storyboard in Resources */ = {isa = PBXBuildFile; fileRef = 1D9ABCF91A6379DC0011A855 /* Main.storyboard */; };
		1D9ABCFD1A6379DC0011A855 /* Images.xcassets in Resources */ = {isa = PBXBuildFile; fileRef = 1D9ABCFC1A6379DC0011A855 /* Images.xcassets */; };
		1D9ABD001A6379DC0011A855 /* LaunchScreen.xib in Resources */ = {isa = PBXBuildFile; fileRef = 1D9ABCFE1A6379DC0011A855 /* LaunchScreen.xib */; };
		1D9ABD0C1A6379DC0011A855 /* CoreDataTestTests.m in Sources */ = {isa = PBXBuildFile; fileRef = 1D9ABD0B1A6379DC0011A855 /* CoreDataTestTests.m */; };
		1D9ABD181A637A6D0011A855 /* PeopleTableViewController.m in Sources */ = {isa = PBXBuildFile; fileRef = 1D9ABD171A637A6D0011A855 /* PeopleTableViewController.m */; };
/* End PBXBuildFile section */

/* Begin PBXContainerItemProxy section */
		1D9ABD061A6379DC0011A855 /* PBXContainerItemProxy */ = {
			isa = PBXContainerItemProxy;
			containerPortal = 1D9ABCE41A6379DC0011A855 /* Project object */;
			proxyType = 1;
			remoteGlobalIDString = 1D9ABCEB1A6379DC0011A855;
			remoteInfo = CoreDataTest;
		};
/* End PBXContainerItemProxy section */

/* Begin PBXFileReference section */
		1D9ABCEC1A6379DC0011A855 /* CoreDataTest.app */ = {isa = PBXFileReference; explicitFileType = wrapper.application; includeInIndex = 0; path = CoreDataTest.app; sourceTree = BUILT_PRODUCTS_DIR; };
		1D9ABCF01A6379DC0011A855 /* Info.plist */ = {isa = PBXFileReference; lastKnownFileType = text.plist.xml; path = Info.plist; sourceTree = "<group>"; };
		1D9ABCF11A6379DC0011A855 /* main.m */ = {isa = PBXFileReference; lastKnownFileType = sourcecode.c.objc; path = main.m; sourceTree = "<group>"; };
		1D9ABCF31A6379DC0011A855 /* AppDelegate.h */ = {isa = PBXFileReference; lastKnownFileType = sourcecode.c.h; path = AppDelegate.h; sourceTree = "<group>"; };
		1D9ABCF41A6379DC0011A855 /* AppDelegate.m */ = {isa = PBXFileReference; lastKnownFileType = sourcecode.c.objc; path = AppDelegate.m; sourceTree = "<group>"; };
		1D9ABCFA1A6379DC0011A855 /* Base */ = {isa = PBXFileReference; lastKnownFileType = file.storyboard; name = Base; path = Base.lproj/Main.storyboard; sourceTree = "<group>"; };
		1D9ABCFC1A6379DC0011A855 /* Images.xcassets */ = {isa = PBXFileReference; lastKnownFileType = folder.assetcatalog; path = Images.xcassets; sourceTree = "<group>"; };
		1D9ABCFF1A6379DC0011A855 /* Base */ = {isa = PBXFileReference; lastKnownFileType = file.xib; name = Base; path = Base.lproj/LaunchScreen.xib; sourceTree = "<group>"; };
		1D9ABD051A6379DC0011A855 /* CoreDataTestTests.xctest */ = {isa = PBXFileReference; explicitFileType = wrapper.cfbundle; includeInIndex = 0; path = CoreDataTestTests.xctest; sourceTree = BUILT_PRODUCTS_DIR; };
		1D9ABD0A1A6379DC0011A855 /* Info.plist */ = {isa = PBXFileReference; lastKnownFileType = text.plist.xml; path = Info.plist; sourceTree = "<group>"; };
		1D9ABD0B1A6379DC0011A855 /* CoreDataTestTests.m */ = {isa = PBXFileReference; lastKnownFileType = sourcecode.c.objc; path = CoreDataTestTests.m; sourceTree = "<group>"; };
		1D9ABD161A637A6D0011A855 /* PeopleTableViewController.h */ = {isa = PBXFileReference; fileEncoding = 4; lastKnownFileType = sourcecode.c.h; name = PeopleTableViewController.h; path = Controllers/PeopleTableViewController.h; sourceTree = "<group>"; };
		1D9ABD171A637A6D0011A855 /* PeopleTableViewController.m */ = {isa = PBXFileReference; fileEncoding = 4; lastKnownFileType = sourcecode.c.objc; name = PeopleTableViewController.m; path = Controllers/PeopleTableViewController.m; sourceTree = "<group>"; };
/* End PBXFileReference section */

/* Begin PBXFrameworksBuildPhase section */
		1D9ABCE91A6379DC0011A855 /* Frameworks */ = {
			isa = PBXFrameworksBuildPhase;
			buildActionMask = 2147483647;
			files = (
			);
			runOnlyForDeploymentPostprocessing = 0;
		};
		1D9ABD021A6379DC0011A855 /* Frameworks */ = {
			isa = PBXFrameworksBuildPhase;
			buildActionMask = 2147483647;
			files = (
			);
			runOnlyForDeploymentPostprocessing = 0;
		};
/* End PBXFrameworksBuildPhase section */

/* Begin PBXGroup section */
		1D9ABCE31A6379DC0011A855 = {
			isa = PBXGroup;
			children = (
				1D9ABCEE1A6379DC0011A855 /* CoreDataTest */,
				1D9ABD081A6379DC0011A855 /* CoreDataTestTests */,
				1D9ABCED1A6379DC0011A855 /* Products */,
			);
			sourceTree = "<group>";
		};
		1D9ABCED1A6379DC0011A855 /* Products */ = {
			isa = PBXGroup;
			children = (
				1D9ABCEC1A6379DC0011A855 /* CoreDataTest.app */,
				1D9ABD051A6379DC0011A855 /* CoreDataTestTests.xctest */,
			);
			name = Products;
			sourceTree = "<group>";
		};
		1D9ABCEE1A6379DC0011A855 /* CoreDataTest */ = {
			isa = PBXGroup;
			children = (
				1D9ABD151A637A490011A855 /* Controllers */,
				1D9ABCF31A6379DC0011A855 /* AppDelegate.h */,
				1D9ABCF41A6379DC0011A855 /* AppDelegate.m */,
				1D9ABCF91A6379DC0011A855 /* Main.storyboard */,
				1D9ABCFC1A6379DC0011A855 /* Images.xcassets */,
				1D9ABCFE1A6379DC0011A855 /* LaunchScreen.xib */,
				1D9ABCEF1A6379DC0011A855 /* Supporting Files */,
			);
			path = CoreDataTest;
			sourceTree = "<group>";
		};
		1D9ABCEF1A6379DC0011A855 /* Supporting Files */ = {
			isa = PBXGroup;
			children = (
				1D9ABCF01A6379DC0011A855 /* Info.plist */,
				1D9ABCF11A6379DC0011A855 /* main.m */,
			);
			name = "Supporting Files";
			sourceTree = "<group>";
		};
		1D9ABD081A6379DC0011A855 /* CoreDataTestTests */ = {
			isa = PBXGroup;
			children = (
				1D9ABD0B1A6379DC0011A855 /* CoreDataTestTests.m */,
				1D9ABD091A6379DC0011A855 /* Supporting Files */,
			);
			path = CoreDataTestTests;
			sourceTree = "<group>";
		};
		1D9ABD091A6379DC0011A855 /* Supporting Files */ = {
			isa = PBXGroup;
			children = (
				1D9ABD0A1A6379DC0011A855 /* Info.plist */,
			);
			name = "Supporting Files";
			sourceTree = "<group>";
		};
		1D9ABD151A637A490011A855 /* Controllers */ = {
			isa = PBXGroup;
			children = (
				1D9ABD161A637A6D0011A855 /* PeopleTableViewController.h */,
				1D9ABD171A637A6D0011A855 /* PeopleTableViewController.m */,
			);
			name = Controllers;
			sourceTree = "<group>";
		};
/* End PBXGroup section */

/* Begin PBXNativeTarget section */
		1D9ABCEB1A6379DC0011A855 /* CoreDataTest */ = {
			isa = PBXNativeTarget;
			buildConfigurationList = 1D9ABD0F1A6379DC0011A855 /* Build configuration list for PBXNativeTarget "CoreDataTest" */;
			buildPhases = (
				1D9ABCE81A6379DC0011A855 /* Sources */,
				1D9ABCE91A6379DC0011A855 /* Frameworks */,
				1D9ABCEA1A6379DC0011A855 /* Resources */,
			);
			buildRules = (
			);
			dependencies = (
			);
			name = CoreDataTest;
			productName = CoreDataTest;
			productReference = 1D9ABCEC1A6379DC0011A855 /* CoreDataTest.app */;
			productType = "com.apple.product-type.application";
		};
		1D9ABD041A6379DC0011A855 /* CoreDataTestTests */ = {
			isa = PBXNativeTarget;
			buildConfigurationList = 1D9ABD121A6379DC0011A855 /* Build configuration list for PBXNativeTarget "CoreDataTestTests" */;
			buildPhases = (
				1D9ABD011A6379DC0011A855 /* Sources */,
				1D9ABD021A6379DC0011A855 /* Frameworks */,
				1D9ABD031A6379DC0011A855 /* Resources */,
			);
			buildRules = (
			);
			dependencies = (
				1D9ABD071A6379DC0011A855 /* PBXTargetDependency */,
			);
			name = CoreDataTestTests;
			productName = CoreDataTestTests;
			productReference = 1D9ABD051A6379DC0011A855 /* CoreDataTestTests.xctest */;
			productType = "com.apple.product-type.bundle.unit-test";
		};
/* End PBXNativeTarget section */

/* Begin PBXProject section */
		1D9ABCE41A6379DC0011A855 /* Project object */ = {
			isa = PBXProject;
			attributes = {
				LastUpgradeCheck = 0610;
				ORGANIZATIONNAME = "Universal Secure Registry";
				TargetAttributes = {
					1D9ABCEB1A6379DC0011A855 = {
						CreatedOnToolsVersion = 6.1.1;
					};
					1D9ABD041A6379DC0011A855 = {
						CreatedOnToolsVersion = 6.1.1;
						TestTargetID = 1D9ABCEB1A6379DC0011A855;
					};
				};
			};
			buildConfigurationList = 1D9ABCE71A6379DC0011A855 /* Build configuration list for PBXProject "CoreDataTest" */;
			compatibilityVersion = "Xcode 3.2";
			developmentRegion = English;
			hasScannedForEncodings = 0;
			knownRegions = (
				en,
				Base,
			);
			mainGroup = 1D9ABCE31A6379DC0011A855;
			productRefGroup = 1D9ABCED1A6379DC0011A855 /* Products */;
			projectDirPath = "";
			projectRoot = "";
			targets = (
				1D9ABCEB1A6379DC0011A855 /* CoreDataTest */,
				1D9ABD041A6379DC0011A855 /* CoreDataTestTests */,
			);
		};
/* End PBXProject section */

/* Begin PBXResourcesBuildPhase section */
		1D9ABCEA1A6379DC0011A855 /* Resources */ = {
			isa = PBXResourcesBuildPhase;
			buildActionMask = 2147483647;
			files = (
				1D9ABCFB1A6379DC0011A855 /* Main.storyboard in Resources */,
				1D9ABD001A6379DC0011A855 /* LaunchScreen.xib in Resources */,
				1D9ABCFD1A6379DC0011A855 /* Images.xcassets in Resources */,
			);
			runOnlyForDeploymentPostprocessing = 0;
		};
		1D9ABD031A6379DC0011A855 /* Resources */ = {
			isa = PBXResourcesBuildPhase;
			buildActionMask = 2147483647;
			files = (
			);
			runOnlyForDeploymentPostprocessing = 0;
		};
/* End PBXResourcesBuildPhase section */

/* Begin PBXSourcesBuildPhase section */
		1D9ABCE81A6379DC0011A855 /* Sources */ = {
			isa = PBXSourcesBuildPhase;
			buildActionMask = 2147483647;
			files = (
				1D9ABD181A637A6D0011A855 /* PeopleTableViewController.m in Sources */,
				1D9ABCF51A6379DC0011A855 /* AppDelegate.m in Sources */,
				1D9ABCF21A6379DC0011A855 /* main.m in Sources */,
			);
			runOnlyForDeploymentPostprocessing = 0;
		};
		1D9ABD011A6379DC0011A855 /* Sources */ = {
			isa = PBXSourcesBuildPhase;
			buildActionMask = 2147483647;
			files = (
				1D9ABD0C1A6379DC0011A855 /* CoreDataTestTests.m in Sources */,
			);
			runOnlyForDeploymentPostprocessing = 0;
		};
/* End PBXSourcesBuildPhase section */

/* Begin PBXTargetDependency section */
		1D9ABD071A6379DC0011A855 /* PBXTargetDependency */ = {
			isa = PBXTargetDependency;
			target = 1D9ABCEB1A6379DC0011A855 /* CoreDataTest */;
			targetProxy = 1D9ABD061A6379DC0011A855 /* PBXContainerItemProxy */;
		};
/* End PBXTargetDependency section */

/* Begin PBXVariantGroup section */
		1D9ABCF91A6379DC0011A855 /* Main.storyboard */ = {
			isa = PBXVariantGroup;
			children = (
				1D9ABCFA1A6379DC0011A855 /* Base */,
			);
			name = Main.storyboard;
			sourceTree = "<group>";
		};
		1D9ABCFE1A6379DC0011A855 /* LaunchScreen.xib */ = {
			isa = PBXVariantGroup;
			children = (
				1D9ABCFF1A6379DC0011A855 /* Base */,
			);
			name = LaunchScreen.xib;
			sourceTree = "<group>";
		};
/* End PBXVariantGroup section */

/* Begin XCBuildConfiguration section */
		1D9ABD0D1A6379DC0011A855 /* Debug */ = {
			isa = XCBuildConfiguration;
			buildSettings = {
				ALWAYS_SEARCH_USER_PATHS = NO;
				CLANG_CXX_LANGUAGE_STANDARD = "gnu++0x";
				CLANG_CXX_LIBRARY = "libc++";
				CLANG_ENABLE_MODULES = YES;
				CLANG_ENABLE_OBJC_ARC = YES;
				CLANG_WARN_BOOL_CONVERSION = YES;
				CLANG_WARN_CONSTANT_CONVERSION = YES;
				CLANG_WARN_DIRECT_OBJC_ISA_USAGE = YES_ERROR;
				CLANG_WARN_EMPTY_BODY = YES;
				CLANG_WARN_ENUM_CONVERSION = YES;
				CLANG_WARN_INT_CONVERSION = YES;
				CLANG_WARN_OBJC_ROOT_CLASS = YES_ERROR;
				CLANG_WARN_UNREACHABLE_CODE = YES;
				CLANG_WARN__DUPLICATE_METHOD_MATCH = YES;
				"CODE_SIGN_IDENTITY[sdk=iphoneos*]" = "iPhone Developer";
				COPY_PHASE_STRIP = NO;
				ENABLE_STRICT_OBJC_MSGSEND = YES;
				GCC_C_LANGUAGE_STANDARD = gnu99;
				GCC_DYNAMIC_NO_PIC = NO;
				GCC_OPTIMIZATION_LEVEL = 0;
				GCC_PREPROCESSOR_DEFINITIONS = (
					"DEBUG=1",
					"$(inherited)",
				);
				GCC_SYMBOLS_PRIVATE_EXTERN = NO;
				GCC_WARN_64_TO_32_BIT_CONVERSION = YES;
				GCC_WARN_ABOUT_RETURN_TYPE = YES_ERROR;
				GCC_WARN_UNDECLARED_SELECTOR = YES;
				GCC_WARN_UNINITIALIZED_AUTOS = YES_AGGRESSIVE;
				GCC_WARN_UNUSED_FUNCTION = YES;
				GCC_WARN_UNUSED_VARIABLE = YES;
				IPHONEOS_DEPLOYMENT_TARGET = 8.1;
				MTL_ENABLE_DEBUG_INFO = YES;
				ONLY_ACTIVE_ARCH = YES;
				SDKROOT = iphoneos;
				TARGETED_DEVICE_FAMILY = "1,2";
			};
			name = Debug;
		};
		1D9ABD0E1A6379DC0011A855 /* Release */ = {
			isa = XCBuildConfiguration;
			buildSettings = {
				ALWAYS_SEARCH_USER_PATHS = NO;
				CLANG_CXX_LANGUAGE_STANDARD = "gnu++0x";
				CLANG_CXX_LIBRARY = "libc++";
				CLANG_ENABLE_MODULES = YES;
				CLANG_ENABLE_OBJC_ARC = YES;
				CLANG_WARN_BOOL_CONVERSION = YES;
				CLANG_WARN_CONSTANT_CONVERSION = YES;
				CLANG_WARN_DIRECT_OBJC_ISA_USAGE = YES_ERROR;
				CLANG_WARN_EMPTY_BODY = YES;
				CLANG_WARN_ENUM_CONVERSION = YES;
				CLANG_WARN_INT_CONVERSION = YES;
				CLANG_WARN_OBJC_ROOT_CLASS = YES_ERROR;
				CLANG_WARN_UNREACHABLE_CODE = YES;
				CLANG_WARN__DUPLICATE_METHOD_MATCH = YES;
				"CODE_SIGN_IDENTITY[sdk=iphoneos*]" = "iPhone Developer";
				COPY_PHASE_STRIP = YES;
				ENABLE_NS_ASSERTIONS = NO;
				ENABLE_STRICT_OBJC_MSGSEND = YES;
				GCC_C_LANGUAGE_STANDARD = gnu99;
				GCC_WARN_64_TO_32_BIT_CONVERSION = YES;
				GCC_WARN_ABOUT_RETURN_TYPE = YES_ERROR;
				GCC_WARN_UNDECLARED_SELECTOR = YES;
				GCC_WARN_UNINITIALIZED_AUTOS = YES_AGGRESSIVE;
				GCC_WARN_UNUSED_FUNCTION = YES;
				GCC_WARN_UNUSED_VARIABLE = YES;
				IPHONEOS_DEPLOYMENT_TARGET = 8.1;
				MTL_ENABLE_DEBUG_INFO = NO;
				SDKROOT = iphoneos;
				TARGETED_DEVICE_FAMILY = "1,2";
				VALIDATE_PRODUCT = YES;
			};
			name = Release;
		};
		1D9ABD101A6379DC0011A855 /* Debug */ = {
			isa = XCBuildConfiguration;
			buildSettings = {
				ASSETCATALOG_COMPILER_APPICON_NAME = AppIcon;
				INFOPLIST_FILE = CoreDataTest/Info.plist;
				LD_RUNPATH_SEARCH_PATHS = "$(inherited) @executable_path/Frameworks";
				PRODUCT_NAME = "$(TARGET_NAME)";
			};
			name = Debug;
		};
		1D9ABD111A6379DC0011A855 /* Release */ = {
			isa = XCBuildConfiguration;
			buildSettings = {
				ASSETCATALOG_COMPILER_APPICON_NAME = AppIcon;
				INFOPLIST_FILE = CoreDataTest/Info.plist;
				LD_RUNPATH_SEARCH_PATHS = "$(inherited) @executable_path/Frameworks";
				PRODUCT_NAME = "$(TARGET_NAME)";
			};
			name = Release;
		};
		1D9ABD131A6379DC0011A855 /* Debug */ = {
			isa = XCBuildConfiguration;
			buildSettings = {
				BUNDLE_LOADER = "$(TEST_HOST)";
				FRAMEWORK_SEARCH_PATHS = (
					"$(SDKROOT)/Developer/Library/Frameworks",
					"$(inherited)",
				);
				GCC_PREPROCESSOR_DEFINITIONS = (
					"DEBUG=1",
					"$(inherited)",
				);
				INFOPLIST_FILE = CoreDataTestTests/Info.plist;
				LD_RUNPATH_SEARCH_PATHS = "$(inherited) @executable_path/Frameworks @loader_path/Frameworks";
				PRODUCT_NAME = "$(TARGET_NAME)";
				TEST_HOST = "$(BUILT_PRODUCTS_DIR)/CoreDataTest.app/CoreDataTest";
			};
			name = Debug;
		};
		1D9ABD141A6379DC0011A855 /* Release */ = {
			isa = XCBuildConfiguration;
			buildSettings = {
				BUNDLE_LOADER = "$(TEST_HOST)";
				FRAMEWORK_SEARCH_PATHS = (
					"$(SDKROOT)/Developer/Library/Frameworks",
					"$(inherited)",
				);
				INFOPLIST_FILE = CoreDataTestTests/Info.plist;
				LD_RUNPATH_SEARCH_PATHS = "$(inherited) @executable_path/Frameworks @loader_path/Frameworks";
				PRODUCT_NAME = "$(TARGET_NAME)";
				TEST_HOST = "$(BUILT_PRODUCTS_DIR)/CoreDataTest.app/CoreDataTest";
			};
			name = Release;
		};
/* End XCBuildConfiguration section */

/* Begin XCConfigurationList section */
		1D9ABCE71A6379DC0011A855 /* Build configuration list for PBXProject "CoreDataTest" */ = {
			isa = XCConfigurationList;
			buildConfigurations = (
				1D9ABD0D1A6379DC0011A855 /* Debug */,
				1D9ABD0E1A6379DC0011A855 /* Release */,
			);
			defaultConfigurationIsVisible = 0;
			defaultConfigurationName = Release;
		};
		1D9ABD0F1A6379DC0011A855 /* Build configuration list for PBXNativeTarget "CoreDataTest" */ = {
			isa = XCConfigurationList;
			buildConfigurations = (
				1D9ABD101A6379DC0011A855 /* Debug */,
				1D9ABD111A6379DC0011A855 /* Release */,
			);
			defaultConfigurationIsVisible = 0;
			defaultConfigurationName = Release;
		};
		1D9ABD121A6379DC0011A855 /* Build configuration list for PBXNativeTarget "CoreDataTestTests" */ = {
			isa = XCConfigurationList;
			buildConfigurations = (
				1D9ABD131A6379DC0011A855 /* Debug */,
				1D9ABD141A6379DC0011A855 /* Release */,
			);
			defaultConfigurationIsVisible = 0;
			defaultConfigurationName = Release;
		};
/* End XCConfigurationList section */
	};
	rootObject = 1D9ABCE41A6379DC0011A855 /* Project object */;
}
